
Microsoft Visual Studio Solution File, Format Version 12.00
# Visual Studio Version 16
VisualStudioVersion = 16.0.32002.261
MinimumVisualStudioVersion = 10.0.40219.1
Project("{FAE04EC0-301F-11D3-BF4B-00C04F79EFBC}") = "Server", "Server\Server.csproj", "{4C5019C3-1B1D-4A5C-853C-D3333361E7D0}"
EndProject
Project("{2150E333-8FDC-42A3-9474-1A3956D46DE8}") = "Proto", "Proto", "{3E7FAAEE-5C32-4AB0-9D30-5221CB94227F}"
	ProjectSection(SolutionItems) = preProject
		demo.proto = demo.proto
	EndProjectSection
EndProject
Project("{FAE04EC0-301F-11D3-BF4B-00C04F79EFBC}") = "Client", "Client\Client.csproj", "{49C5F6B9-01B9-434F-B4AE-F7089D2CEB81}"
EndProject
Global
	GlobalSection(SolutionConfigurationPlatforms) = preSolution
		Debug|Any CPU = Debug|Any CPU
		Release|Any CPU = Release|Any CPU
	EndGlobalSection
	GlobalSection(ProjectConfigurationPlatforms) = postSolution
		{4C5019C3-1B1D-4A5C-853C-D3333361E7D0}.Debug|Any CPU.ActiveCfg = Debug|Any CPU
		{4C5019C3-1B1D-4A5C-853C-D3333361E7D0}.Debug|Any CPU.Build.0 = Debug|Any CPU
		{4C5019C3-1B1D-4A5C-853C-D3333361E7D0}.Release|Any CPU.ActiveCfg = Release|Any CPU
		{4C5019C3-1B1D-4A5C-853C-D3333361E7D0}.Release|Any CPU.Build.0 = Release|Any CPU
		{49C5F6B9-01B9-434F-B4AE-F7089D2CEB81}.Debug|Any CPU.ActiveCfg = Debug|Any CPU
		{49C5F6B9-01B9-434F-B4AE-F7089D2CEB81}.Debug|Any CPU.Build.0 = Debug|Any CPU
		{49C5F6B9-01B9-434F-B4AE-F7089D2CEB81}.Release|Any CPU.ActiveCfg = Release|Any CPU
		{49C5F6B9-01B9-434F-B4AE-F7089D2CEB81}.Release|Any CPU.Build.0 = Release|Any CPU
	EndGlobalSection
	GlobalSection(SolutionProperties) = preSolution
		HideSolutionNode = FALSE
	EndGlobalSection
	GlobalSection(ExtensibilityGlobals) = postSolution
		SolutionGuid = {FD6826E5-589F-4FD1-AF99-56CD0569D081}
	EndGlobalSection
EndGlobal
